{
    "_meta": {
        "hash": {
            "sha256": "a4a8b1a99d588f94549d3eb23c503cc746880c7801e0e7a4c930fb31c25f8324"
        },
        "pipfile-spec": 6,
        "requires": {
            "python_version": "2.7"
        },
        "sources": [
            {
                "name": "pypi",
                "url": "https://pypi.org/simple",
                "verify_ssl": true
            }
        ]
    },
    "default": {
        "cassandra-driver": {
            "hashes": [
                "sha256:110a89f41b3a7cfe92aef67119464a6af9a86c14fa018ff0bb3b152942331f7c",
                "sha256:1e793f4545b53353c3df5daafb44ce2b4479aad1aebb0dd4989490283716aff7",
                "sha256:2ccbfdbf168fbb5e0055f2161790de12c280840881cb3fb7893848af1e4d9c07",
                "sha256:3d1287cfa1ebf439646d31808b19d784884d8f717fce2e7728130e9ab8ff9ccd",
                "sha256:4e228e3951150e7905fe1363e2dbe61940d8a34df208764452044934d8ce061f",
                "sha256:51d43208dec31f59a4c038b105cc43c9ebb86a9172970079556918208472e77c",
                "sha256:590ca23f6ca6996ea454d7531d74ea526c90c6734842f62cd190a7d24c8a1bff",
                "sha256:59e06084ce3079b1bc69e3de3e22a07a722d984f8b51fc0a98e98112bfbba9b8",
                "sha256:64b1386a18940e70462fe564e1e056891ded8c4a812d9dc8ad21a500f959de1d",
                "sha256:7526443f02b85652a8654be466730fab8052883103536cc94085c8593b7162a9",
                "sha256:8024490895f48f78be06bad5ebec1b2d6adb658f5e3d5f67d9b4c8669cf391f2",
                "sha256:81a1355b2edd08f81ef1577c9fc51812e12d309f9b0a7ebeddecceb0dc2d0b86",
                "sha256:83ec8d9a5827ee44bb1c0601a63696a8a9086beaf0151c8255556299246081bd",
                "sha256:970900e1d181f99ac6560ada02969c04d24d21bce1419c7daaf154d5c892ab3f",
                "sha256:97f7668636a48282d0e65eeb914d04fd1280c2304de004bed1ea4de5c9c42212",
                "sha256:a4a56292ab4bed0bedaf5d3e88aa6c38bc130ef65bed12774a2ab62d01087f3e",
                "sha256:a74ee7e047f73ddbab10546d6c6733836096611b88c8b416c9969895f88c512b",
                "sha256:b48a710eadf6e1ea33489522fdd1fd9f2e23bb4408ee9139205f3f8072ab4e78",
                "sha256:c76ff976df5975d4444c330d52ea17324e7f33e35a6366b8a8286e5102bacdd8",
                "sha256:cf132f0d170ec1afc90780349275e7932f64d603492652f29fd9a4082d5f2ae6",
                "sha256:d1d302abc500a3ddfc1922f9914c843d4c57c87f5480f0b226e8f2806a2281ab",
                "sha256:def8803132d5ec801333ebaa46edd8c0f28e56fefdb41acf0a1fad9e1c72bfcd",
                "sha256:e7d641dca1fdbf239bc3edbeb6bae63eb50382eee50567334dd62aecdd7cf4b4",
                "sha256:ea1ffe18b40f7323cc57270fc8e4c680c0af39b1d2108b0aa624895d435808e6",
                "sha256:f0f95cdbaba88d57a0529eb67b83536279a0ec02f1b51bc27a73c1eb3aaabe07",
                "sha256:f90699c8f1aa4eb58bf84be0fbff859ba094799b662592d1c20237c7cade702e"
            ],
            "index": "pypi",
            "version": "==3.24.0"
        },
        "click": {
            "hashes": [
                "sha256:d2b5255c7c6349bc1bd1e59e08cd12acbbd63ce649f2588755783aa94dfb6b1a",
                "sha256:dacca89f4bfadd5de3d7489b7c8a566eee0d3676333fbb50030263894c38c0dc"
            ],
            "version": "==7.1.2"
        },
        "geomet": {
            "hashes": [
                "sha256:91d754f7c298cbfcabd3befdb69c641c27fe75e808b27aa55028605761d17e95",
                "sha256:a41a1e336b381416d6cbed7f1745c848e91defaa4d4c1bdc1312732e46ffad2b"
            ],
            "version": "==0.2.1.post1"
        },
        "six": {
            "hashes": [
                "sha256:30639c035cdb23534cd4aa2dd52c3bf48f06e5f4a941509c8bafd8ce11080259",
                "sha256:8b74bedcbbbaca38ff6d7491d76f2b06b3592611af620f8426e82dddb04a5ced"
            ],
            "version": "==1.15.0"
        }
    },
    "develop": {}
}
